
Microsoft Visual Studio Solution File, Format Version 12.00
# Visual Studio 15
VisualStudioVersion = 15.0.27703.2042
MinimumVisualStudioVersion = 10.0.40219.1
Project("{9A19103F-16F7-4668-BE54-9A1E7A4F7556}") = "Pressius", "Pressius\Pressius.csproj", "{6E09C621-9492-4E1F-A0DB-668BC84A87EF}"
EndProject
Project("{9A19103F-16F7-4668-BE54-9A1E7A4F7556}") = "Pressius.Test", "Pressius.Test\Pressius.Test.csproj", "{2BAA7472-C2C6-4FDF-920E-4AFBC32900E4}"
EndProject
Global
	GlobalSection(SolutionConfigurationPlatforms) = preSolution
		Debug|Any CPU = Debug|Any CPU
		Release|Any CPU = Release|Any CPU
	EndGlobalSection
	GlobalSection(ProjectConfigurationPlatforms) = postSolution
		{6E09C621-9492-4E1F-A0DB-668BC84A87EF}.Debug|Any CPU.ActiveCfg = Debug|Any CPU
		{6E09C621-9492-4E1F-A0DB-668BC84A87EF}.Debug|Any CPU.Build.0 = Debug|Any CPU
		{6E09C621-9492-4E1F-A0DB-668BC84A87EF}.Release|Any CPU.ActiveCfg = Release|Any CPU
		{6E09C621-9492-4E1F-A0DB-668BC84A87EF}.Release|Any CPU.Build.0 = Release|Any CPU
		{2BAA7472-C2C6-4FDF-920E-4AFBC32900E4}.Debug|Any CPU.ActiveCfg = Debug|Any CPU
		{2BAA7472-C2C6-4FDF-920E-4AFBC32900E4}.Debug|Any CPU.Build.0 = Debug|Any CPU
		{2BAA7472-C2C6-4FDF-920E-4AFBC32900E4}.Release|Any CPU.ActiveCfg = Release|Any CPU
		{2BAA7472-C2C6-4FDF-920E-4AFBC32900E4}.Release|Any CPU.Build.0 = Release|Any CPU
	EndGlobalSection
	GlobalSection(SolutionProperties) = preSolution
		HideSolutionNode = FALSE
	EndGlobalSection
	GlobalSection(ExtensibilityGlobals) = postSolution
		SolutionGuid = {54D7B8D6-8BC1-4AFF-BA75-12C2CEA6A1CA}
	EndGlobalSection
EndGlobal
